Microsoft Visual Studio Solution File, Format Version 10.00
# Visual Studio 2008
Project("{FAE04EC0-301F-11D3-BF4B-00C04F79EFBC}") = "WindowsFormsApplication1", "WindowsFormsApplication1\WindowsFormsApplication1.csproj", "{909A88EF-2F3F-4C4B-8583-4300C95F3161}"
EndProject
Global
	GlobalSection(SolutionConfigurationPlatforms) = preSolution
		Debug|Any CPU = Debug|Any CPU
		Release|Any CPU = Release|Any CPU
	EndGlobalSection
	GlobalSection(ProjectConfigurationPlatforms) = postSolution
		{909A88EF-2F3F-4C4B-8583-4300C95F3161}.Debug|Any CPU.ActiveCfg = Debug|Any CPU
		{909A88EF-2F3F-4C4B-8583-4300C95F3161}.Debug|Any CPU.Build.0 = Debug|Any CPU
		{909A88EF-2F3F-4C4B-8583-4300C95F3161}.Release|Any CPU.ActiveCfg = Release|Any CPU
		{909A88EF-2F3F-4C4B-8583-4300C95F3161}.Release|Any CPU.Build.0 = Release|Any CPU
	EndGlobalSection
	GlobalSection(SolutionProperties) = preSolution
		HideSolutionNode = FALSE
	EndGlobalSection
EndGlobal
